# This file is autogenerated, do not edit; changes may be undone by the next 'dep ensure'.


[[projects]]
  name = "github.com/tidwall/gjson"
  packages = ["."]
  revision = "5a69e67cfd8f6f9b0044ed49f5079d0eeed28653"
  version = "v1.0.1"

[[projects]]
  branch = "master"
  name = "github.com/tidwall/match"
  packages = ["."]
  revision = "1731857f09b1f38450e2c12409748407822dc6be"

[solve-meta]
  analyzer-name = "dep"
  analyzer-version = 1
  inputs-digest = "9efb70ddea080bfcd37ee63688d5a5508f51da2e63bb542832d809b3cce51d3c"
  solver-name = "gps-cdcl"
  solver-version = 1
